// !$*UTF8*$!
{
	archiveVersion = 1;
	classes = {
	};
	objectVersion = 51;
	objects = {

/* Begin PBXBuildFile section */
		3FCF1CE325E7DEE0007C5EE8 /* AppDelegate.swift in Sources */ = {isa = PBXBuildFile; fileRef = 3FCF1CE225E7DEE0007C5EE8 /* AppDelegate.swift */; };
		3FCF1CEC25E7DEE7007C5EE8 /* Assets.xcassets in Resources */ = {isa = PBXBuildFile; fileRef = 3FCF1CEB25E7DEE7007C5EE8 /* Assets.xcassets */; };
		3FCF1CEF25E7DEE7007C5EE8 /* LaunchScreen.storyboard in Resources */ = {isa = PBXBuildFile; fileRef = 3FCF1CED25E7DEE7007C5EE8 /* LaunchScreen.storyboard */; };
		3FCF1CFA25E7DEE7007C5EE8 /* MobiquityTests.swift in Sources */ = {isa = PBXBuildFile; fileRef = 3FCF1CF925E7DEE7007C5EE8 /* MobiquityTests.swift */; };
		3FCF1D0525E7DEE7007C5EE8 /* MobiquityUITests.swift in Sources */ = {isa = PBXBuildFile; fileRef = 3FCF1D0425E7DEE7007C5EE8 /* MobiquityUITests.swift */; };
		3FCF1D2225E7DFB4007C5EE8 /* AppNavigationManager.swift in Sources */ = {isa = PBXBuildFile; fileRef = 3FCF1D2125E7DFB4007C5EE8 /* AppNavigationManager.swift */; };
		3FCF1D2325E7DFB4007C5EE8 /* AppNavigationManager.swift in Sources */ = {isa = PBXBuildFile; fileRef = 3FCF1D2125E7DFB4007C5EE8 /* AppNavigationManager.swift */; };
		3FCF1D2425E7DFB4007C5EE8 /* AppNavigationManager.swift in Sources */ = {isa = PBXBuildFile; fileRef = 3FCF1D2125E7DFB4007C5EE8 /* AppNavigationManager.swift */; };
		3FCF1D2925E7DFED007C5EE8 /* GalleryViewController.swift in Sources */ = {isa = PBXBuildFile; fileRef = 3FCF1D2825E7DFED007C5EE8 /* GalleryViewController.swift */; };
		3FCF1D2A25E7DFED007C5EE8 /* GalleryViewController.swift in Sources */ = {isa = PBXBuildFile; fileRef = 3FCF1D2825E7DFED007C5EE8 /* GalleryViewController.swift */; };
		3FCF1D2B25E7DFED007C5EE8 /* GalleryViewController.swift in Sources */ = {isa = PBXBuildFile; fileRef = 3FCF1D2825E7DFED007C5EE8 /* GalleryViewController.swift */; };
		3FCF1D3025E7E03D007C5EE8 /* GalleryCollectionViewCell.swift in Sources */ = {isa = PBXBuildFile; fileRef = 3FCF1D2F25E7E03D007C5EE8 /* GalleryCollectionViewCell.swift */; };
		3FCF1D3125E7E03D007C5EE8 /* GalleryCollectionViewCell.swift in Sources */ = {isa = PBXBuildFile; fileRef = 3FCF1D2F25E7E03D007C5EE8 /* GalleryCollectionViewCell.swift */; };
		3FCF1D3225E7E03D007C5EE8 /* GalleryCollectionViewCell.swift in Sources */ = {isa = PBXBuildFile; fileRef = 3FCF1D2F25E7E03D007C5EE8 /* GalleryCollectionViewCell.swift */; };
		3FCF1D3725E7E07D007C5EE8 /* GalleryViewModel.swift in Sources */ = {isa = PBXBuildFile; fileRef = 3FCF1D3625E7E07D007C5EE8 /* GalleryViewModel.swift */; };
		3FCF1D3825E7E07D007C5EE8 /* GalleryViewModel.swift in Sources */ = {isa = PBXBuildFile; fileRef = 3FCF1D3625E7E07D007C5EE8 /* GalleryViewModel.swift */; };
		3FCF1D3925E7E07D007C5EE8 /* GalleryViewModel.swift in Sources */ = {isa = PBXBuildFile; fileRef = 3FCF1D3625E7E07D007C5EE8 /* GalleryViewModel.swift */; };
		3FCF1D3E25E7E0A2007C5EE8 /* ViewState.swift in Sources */ = {isa = PBXBuildFile; fileRef = 3FCF1D3D25E7E0A2007C5EE8 /* ViewState.swift */; };
		3FCF1D3F25E7E0A2007C5EE8 /* ViewState.swift in Sources */ = {isa = PBXBuildFile; fileRef = 3FCF1D3D25E7E0A2007C5EE8 /* ViewState.swift */; };
		3FCF1D4025E7E0A2007C5EE8 /* ViewState.swift in Sources */ = {isa = PBXBuildFile; fileRef = 3FCF1D3D25E7E0A2007C5EE8 /* ViewState.swift */; };
		3FCF1D4525E7E0F1007C5EE8 /* GalleryViewValues.swift in Sources */ = {isa = PBXBuildFile; fileRef = 3FCF1D4425E7E0F1007C5EE8 /* GalleryViewValues.swift */; };
		3FCF1D4625E7E0F1007C5EE8 /* GalleryViewValues.swift in Sources */ = {isa = PBXBuildFile; fileRef = 3FCF1D4425E7E0F1007C5EE8 /* GalleryViewValues.swift */; };
		3FCF1D4725E7E0F1007C5EE8 /* GalleryViewValues.swift in Sources */ = {isa = PBXBuildFile; fileRef = 3FCF1D4425E7E0F1007C5EE8 /* GalleryViewValues.swift */; };
		3FCF1D6825E8F192007C5EE8 /* SearchResultsController.swift in Sources */ = {isa = PBXBuildFile; fileRef = 3FCF1D6725E8F192007C5EE8 /* SearchResultsController.swift */; };
		3FCF1D6925E8F192007C5EE8 /* SearchResultsController.swift in Sources */ = {isa = PBXBuildFile; fileRef = 3FCF1D6725E8F192007C5EE8 /* SearchResultsController.swift */; };
		3FCF1D6A25E8F192007C5EE8 /* SearchResultsController.swift in Sources */ = {isa = PBXBuildFile; fileRef = 3FCF1D6725E8F192007C5EE8 /* SearchResultsController.swift */; };
		3FCF1D7B25E90599007C5EE8 /* APIManager.swift in Sources */ = {isa = PBXBuildFile; fileRef = 3FCF1D7A25E90599007C5EE8 /* APIManager.swift */; };
		3FCF1D7C25E90599007C5EE8 /* APIManager.swift in Sources */ = {isa = PBXBuildFile; fileRef = 3FCF1D7A25E90599007C5EE8 /* APIManager.swift */; };
		3FCF1D7D25E90599007C5EE8 /* APIManager.swift in Sources */ = {isa = PBXBuildFile; fileRef = 3FCF1D7A25E90599007C5EE8 /* APIManager.swift */; };
		3FCF1D9025E9A222007C5EE8 /* LoadingReusableView.swift in Sources */ = {isa = PBXBuildFile; fileRef = 3FCF1D8F25E9A222007C5EE8 /* LoadingReusableView.swift */; };
		3FCF1D9125E9A222007C5EE8 /* LoadingReusableView.swift in Sources */ = {isa = PBXBuildFile; fileRef = 3FCF1D8F25E9A222007C5EE8 /* LoadingReusableView.swift */; };
		3FCF1D9225E9A222007C5EE8 /* LoadingReusableView.swift in Sources */ = {isa = PBXBuildFile; fileRef = 3FCF1D8F25E9A222007C5EE8 /* LoadingReusableView.swift */; };
		8A760DBEC5E004035B9CD366 /* Pods_Mobiquity.framework in Frameworks */ = {isa = PBXBuildFile; fileRef = 318D35C52A9A1B477B5CEB10 /* Pods_Mobiquity.framework */; };
/* End PBXBuildFile section */

/* Begin PBXContainerItemProxy section */
		3FCF1CF625E7DEE7007C5EE8 /* PBXContainerItemProxy */ = {
			isa = PBXContainerItemProxy;
			containerPortal = 3FCF1CD725E7DEE0007C5EE8 /* Project object */;
			proxyType = 1;
			remoteGlobalIDString = 3FCF1CDE25E7DEE0007C5EE8;
			remoteInfo = Mobiquity;
		};
		3FCF1D0125E7DEE7007C5EE8 /* PBXContainerItemProxy */ = {
			isa = PBXContainerItemProxy;
			containerPortal = 3FCF1CD725E7DEE0007C5EE8 /* Project object */;
			proxyType = 1;
			remoteGlobalIDString = 3FCF1CDE25E7DEE0007C5EE8;
			remoteInfo = Mobiquity;
		};
/* End PBXContainerItemProxy section */

/* Begin PBXFileReference section */
		04F6194BD67E9D342EC2FBF4 /* Pods-Mobiquity.debug.xcconfig */ = {isa = PBXFileReference; includeInIndex = 1; lastKnownFileType = text.xcconfig; name = "Pods-Mobiquity.debug.xcconfig"; path = "Target Support Files/Pods-Mobiquity/Pods-Mobiquity.debug.xcconfig"; sourceTree = "<group>"; };
		318D35C52A9A1B477B5CEB10 /* Pods_Mobiquity.framework */ = {isa = PBXFileReference; explicitFileType = wrapper.framework; includeInIndex = 0; path = Pods_Mobiquity.framework; sourceTree = BUILT_PRODUCTS_DIR; };
		3FCF1CDF25E7DEE0007C5EE8 /* Mobiquity.app */ = {isa = PBXFileReference; explicitFileType = wrapper.application; includeInIndex = 0; path = Mobiquity.app; sourceTree = BUILT_PRODUCTS_DIR; };
		3FCF1CE225E7DEE0007C5EE8 /* AppDelegate.swift */ = {isa = PBXFileReference; lastKnownFileType = sourcecode.swift; path = AppDelegate.swift; sourceTree = "<group>"; };
		3FCF1CEB25E7DEE7007C5EE8 /* Assets.xcassets */ = {isa = PBXFileReference; lastKnownFileType = folder.assetcatalog; path = Assets.xcassets; sourceTree = "<group>"; };
		3FCF1CEE25E7DEE7007C5EE8 /* Base */ = {isa = PBXFileReference; lastKnownFileType = file.storyboard; name = Base; path = Base.lproj/LaunchScreen.storyboard; sourceTree = "<group>"; };
		3FCF1CF025E7DEE7007C5EE8 /* Info.plist */ = {isa = PBXFileReference; lastKnownFileType = text.plist.xml; path = Info.plist; sourceTree = "<group>"; };
		3FCF1CF525E7DEE7007C5EE8 /* MobiquityTests.xctest */ = {isa = PBXFileReference; explicitFileType = wrapper.cfbundle; includeInIndex = 0; path = MobiquityTests.xctest; sourceTree = BUILT_PRODUCTS_DIR; };
		3FCF1CF925E7DEE7007C5EE8 /* MobiquityTests.swift */ = {isa = PBXFileReference; lastKnownFileType = sourcecode.swift; path = MobiquityTests.swift; sourceTree = "<group>"; };
		3FCF1CFB25E7DEE7007C5EE8 /* Info.plist */ = {isa = PBXFileReference; lastKnownFileType = text.plist.xml; path = Info.plist; sourceTree = "<group>"; };
		3FCF1D0025E7DEE7007C5EE8 /* MobiquityUITests.xctest */ = {isa = PBXFileReference; explicitFileType = wrapper.cfbundle; includeInIndex = 0; path = MobiquityUITests.xctest; sourceTree = BUILT_PRODUCTS_DIR; };
		3FCF1D0425E7DEE7007C5EE8 /* MobiquityUITests.swift */ = {isa = PBXFileReference; lastKnownFileType = sourcecode.swift; path = MobiquityUITests.swift; sourceTree = "<group>"; };
		3FCF1D0625E7DEE7007C5EE8 /* Info.plist */ = {isa = PBXFileReference; lastKnownFileType = text.plist.xml; path = Info.plist; sourceTree = "<group>"; };
		3FCF1D2125E7DFB4007C5EE8 /* AppNavigationManager.swift */ = {isa = PBXFileReference; lastKnownFileType = sourcecode.swift; path = AppNavigationManager.swift; sourceTree = "<group>"; };
		3FCF1D2825E7DFED007C5EE8 /* GalleryViewController.swift */ = {isa = PBXFileReference; lastKnownFileType = sourcecode.swift; path = GalleryViewController.swift; sourceTree = "<group>"; };
		3FCF1D2F25E7E03D007C5EE8 /* GalleryCollectionViewCell.swift */ = {isa = PBXFileReference; lastKnownFileType = sourcecode.swift; path = GalleryCollectionViewCell.swift; sourceTree = "<group>"; };
		3FCF1D3625E7E07D007C5EE8 /* GalleryViewModel.swift */ = {isa = PBXFileReference; lastKnownFileType = sourcecode.swift; path = GalleryViewModel.swift; sourceTree = "<group>"; };
		3FCF1D3D25E7E0A2007C5EE8 /* ViewState.swift */ = {isa = PBXFileReference; lastKnownFileType = sourcecode.swift; path = ViewState.swift; sourceTree = "<group>"; };
		3FCF1D4425E7E0F1007C5EE8 /* GalleryViewValues.swift */ = {isa = PBXFileReference; lastKnownFileType = sourcecode.swift; path = GalleryViewValues.swift; sourceTree = "<group>"; };
		3FCF1D6725E8F192007C5EE8 /* SearchResultsController.swift */ = {isa = PBXFileReference; lastKnownFileType = sourcecode.swift; path = SearchResultsController.swift; sourceTree = "<group>"; };
		3FCF1D7A25E90599007C5EE8 /* APIManager.swift */ = {isa = PBXFileReference; lastKnownFileType = sourcecode.swift; path = APIManager.swift; sourceTree = "<group>"; };
		3FCF1D8F25E9A222007C5EE8 /* LoadingReusableView.swift */ = {isa = PBXFileReference; lastKnownFileType = sourcecode.swift; path = LoadingReusableView.swift; sourceTree = "<group>"; };
		E6605BBFDDE55337C03FC33D /* Pods-Mobiquity.release.xcconfig */ = {isa = PBXFileReference; includeInIndex = 1; lastKnownFileType = text.xcconfig; name = "Pods-Mobiquity.release.xcconfig"; path = "Target Support Files/Pods-Mobiquity/Pods-Mobiquity.release.xcconfig"; sourceTree = "<group>"; };
/* End PBXFileReference section */

/* Begin PBXFrameworksBuildPhase section */
		3FCF1CDC25E7DEE0007C5EE8 /* Frameworks */ = {
			isa = PBXFrameworksBuildPhase;
			buildActionMask = 2147483647;
			files = (
				8A760DBEC5E004035B9CD366 /* Pods_Mobiquity.framework in Frameworks */,
			);
			runOnlyForDeploymentPostprocessing = 0;
		};
		3FCF1CF225E7DEE7007C5EE8 /* Frameworks */ = {
			isa = PBXFrameworksBuildPhase;
			buildActionMask = 2147483647;
			files = (
			);
			runOnlyForDeploymentPostprocessing = 0;
		};
		3FCF1CFD25E7DEE7007C5EE8 /* Frameworks */ = {
			isa = PBXFrameworksBuildPhase;
			buildActionMask = 2147483647;
			files = (
			);
			runOnlyForDeploymentPostprocessing = 0;
		};
/* End PBXFrameworksBuildPhase section */

/* Begin PBXGroup section */
		1111C46CE1AE6815288C0BA0 /* Pods */ = {
			isa = PBXGroup;
			children = (
				04F6194BD67E9D342EC2FBF4 /* Pods-Mobiquity.debug.xcconfig */,
				E6605BBFDDE55337C03FC33D /* Pods-Mobiquity.release.xcconfig */,
			);
			path = Pods;
			sourceTree = "<group>";
		};
		3FCF1CD625E7DEE0007C5EE8 = {
			isa = PBXGroup;
			children = (
				3FCF1CE125E7DEE0007C5EE8 /* Mobiquity */,
				3FCF1CF825E7DEE7007C5EE8 /* MobiquityTests */,
				3FCF1D0325E7DEE7007C5EE8 /* MobiquityUITests */,
				3FCF1CE025E7DEE0007C5EE8 /* Products */,
				1111C46CE1AE6815288C0BA0 /* Pods */,
				DD915BEE1AE3D965D74DA5AA /* Frameworks */,
			);
			sourceTree = "<group>";
		};
		3FCF1CE025E7DEE0007C5EE8 /* Products */ = {
			isa = PBXGroup;
			children = (
				3FCF1CDF25E7DEE0007C5EE8 /* Mobiquity.app */,
				3FCF1CF525E7DEE7007C5EE8 /* MobiquityTests.xctest */,
				3FCF1D0025E7DEE7007C5EE8 /* MobiquityUITests.xctest */,
			);
			name = Products;
			sourceTree = "<group>";
		};
		3FCF1CE125E7DEE0007C5EE8 /* Mobiquity */ = {
			isa = PBXGroup;
			children = (
				3FCF1CF025E7DEE7007C5EE8 /* Info.plist */,
				3FCF1D5525E7F9B9007C5EE8 /* Models */,
				3FCF1CE225E7DEE0007C5EE8 /* AppDelegate.swift */,
				3FCF1D2125E7DFB4007C5EE8 /* AppNavigationManager.swift */,
				3FCF1D3D25E7E0A2007C5EE8 /* ViewState.swift */,
				3FCF1D5325E7F954007C5EE8 /* GalleryScreen */,
				3FCF1D5425E7F980007C5EE8 /* Supporting */,
			);
			path = Mobiquity;
			sourceTree = "<group>";
		};
		3FCF1CF825E7DEE7007C5EE8 /* MobiquityTests */ = {
			isa = PBXGroup;
			children = (
				3FCF1CF925E7DEE7007C5EE8 /* MobiquityTests.swift */,
				3FCF1CFB25E7DEE7007C5EE8 /* Info.plist */,
			);
			path = MobiquityTests;
			sourceTree = "<group>";
		};
		3FCF1D0325E7DEE7007C5EE8 /* MobiquityUITests */ = {
			isa = PBXGroup;
			children = (
				3FCF1D0425E7DEE7007C5EE8 /* MobiquityUITests.swift */,
				3FCF1D0625E7DEE7007C5EE8 /* Info.plist */,
			);
			path = MobiquityUITests;
			sourceTree = "<group>";
		};
		3FCF1D5325E7F954007C5EE8 /* GalleryScreen */ = {
			isa = PBXGroup;
			children = (
				3FCF1D2825E7DFED007C5EE8 /* GalleryViewController.swift */,
				3FCF1D3625E7E07D007C5EE8 /* GalleryViewModel.swift */,
				3FCF1D4425E7E0F1007C5EE8 /* GalleryViewValues.swift */,
				3FCF1D2F25E7E03D007C5EE8 /* GalleryCollectionViewCell.swift */,
				3FCF1D6725E8F192007C5EE8 /* SearchResultsController.swift */,
				3FCF1D8F25E9A222007C5EE8 /* LoadingReusableView.swift */,
			);
			path = GalleryScreen;
			sourceTree = "<group>";
		};
		3FCF1D5425E7F980007C5EE8 /* Supporting */ = {
			isa = PBXGroup;
			children = (
				3FCF1CED25E7DEE7007C5EE8 /* LaunchScreen.storyboard */,
				3FCF1CEB25E7DEE7007C5EE8 /* Assets.xcassets */,
			);
			path = Supporting;
			sourceTree = "<group>";
		};
		3FCF1D5525E7F9B9007C5EE8 /* Models */ = {
			isa = PBXGroup;
			children = (
				3FCF1D7A25E90599007C5EE8 /* APIManager.swift */,
			);
			path = Models;
			sourceTree = "<group>";
		};
		DD915BEE1AE3D965D74DA5AA /* Frameworks */ = {
			isa = PBXGroup;
			children = (
				318D35C52A9A1B477B5CEB10 /* Pods_Mobiquity.framework */,
			);
			name = Frameworks;
			sourceTree = "<group>";
		};
/* End PBXGroup section */

/* Begin PBXNativeTarget section */
		3FCF1CDE25E7DEE0007C5EE8 /* Mobiquity */ = {
			isa = PBXNativeTarget;
			buildConfigurationList = 3FCF1D0925E7DEE7007C5EE8 /* Build configuration list for PBXNativeTarget "Mobiquity" */;
			buildPhases = (
				1BBC32DF5D57C0AA8F0AE4AB /* [CP] Check Pods Manifest.lock */,
				3FCF1CDB25E7DEE0007C5EE8 /* Sources */,
				3FCF1CDC25E7DEE0007C5EE8 /* Frameworks */,
				3FCF1CDD25E7DEE0007C5EE8 /* Resources */,
				C1E263B4CB6E6B2C15380599 /* [CP] Embed Pods Frameworks */,
			);
			buildRules = (
			);
			dependencies = (
			);
			name = Mobiquity;
			productName = Mobiquity;
			productReference = 3FCF1CDF25E7DEE0007C5EE8 /* Mobiquity.app */;
			productType = "com.apple.product-type.application";
		};
		3FCF1CF425E7DEE7007C5EE8 /* MobiquityTests */ = {
			isa = PBXNativeTarget;
			buildConfigurationList = 3FCF1D0C25E7DEE7007C5EE8 /* Build configuration list for PBXNativeTarget "MobiquityTests" */;
			buildPhases = (
				3FCF1CF125E7DEE7007C5EE8 /* Sources */,
				3FCF1CF225E7DEE7007C5EE8 /* Frameworks */,
				3FCF1CF325E7DEE7007C5EE8 /* Resources */,
			);
			buildRules = (
			);
			dependencies = (
				3FCF1CF725E7DEE7007C5EE8 /* PBXTargetDependency */,
			);
			name = MobiquityTests;
			productName = MobiquityTests;
			productReference = 3FCF1CF525E7DEE7007C5EE8 /* MobiquityTests.xctest */;
			productType = "com.apple.product-type.bundle.unit-test";
		};
		3FCF1CFF25E7DEE7007C5EE8 /* MobiquityUITests */ = {
			isa = PBXNativeTarget;
			buildConfigurationList = 3FCF1D0F25E7DEE7007C5EE8 /* Build configuration list for PBXNativeTarget "MobiquityUITests" */;
			buildPhases = (
				3FCF1CFC25E7DEE7007C5EE8 /* Sources */,
				3FCF1CFD25E7DEE7007C5EE8 /* Frameworks */,
				3FCF1CFE25E7DEE7007C5EE8 /* Resources */,
			);
			buildRules = (
			);
			dependencies = (
				3FCF1D0225E7DEE7007C5EE8 /* PBXTargetDependency */,
			);
			name = MobiquityUITests;
			productName = MobiquityUITests;
			productReference = 3FCF1D0025E7DEE7007C5EE8 /* MobiquityUITests.xctest */;
			productType = "com.apple.product-type.bundle.ui-testing";
		};
/* End PBXNativeTarget section */

/* Begin PBXProject section */
		3FCF1CD725E7DEE0007C5EE8 /* Project object */ = {
			isa = PBXProject;
			attributes = {
				LastSwiftUpdateCheck = 1210;
				LastUpgradeCheck = 1210;
				TargetAttributes = {
					3FCF1CDE25E7DEE0007C5EE8 = {
						CreatedOnToolsVersion = 12.1;
					};
					3FCF1CF425E7DEE7007C5EE8 = {
						CreatedOnToolsVersion = 12.1;
						TestTargetID = 3FCF1CDE25E7DEE0007C5EE8;
					};
					3FCF1CFF25E7DEE7007C5EE8 = {
						CreatedOnToolsVersion = 12.1;
						TestTargetID = 3FCF1CDE25E7DEE0007C5EE8;
					};
				};
			};
			buildConfigurationList = 3FCF1CDA25E7DEE0007C5EE8 /* Build configuration list for PBXProject "Mobiquity" */;
			compatibilityVersion = "Xcode 9.3";
			developmentRegion = en;
			hasScannedForEncodings = 0;
			knownRegions = (
				en,
				Base,
			);
			mainGroup = 3FCF1CD625E7DEE0007C5EE8;
			productRefGroup = 3FCF1CE025E7DEE0007C5EE8 /* Products */;
			projectDirPath = "";
			projectRoot = "";
			targets = (
				3FCF1CDE25E7DEE0007C5EE8 /* Mobiquity */,
				3FCF1CF425E7DEE7007C5EE8 /* MobiquityTests */,
				3FCF1CFF25E7DEE7007C5EE8 /* MobiquityUITests */,
			);
		};
/* End PBXProject section */

/* Begin PBXResourcesBuildPhase section */
		3FCF1CDD25E7DEE0007C5EE8 /* Resources */ = {
			isa = PBXResourcesBuildPhase;
			buildActionMask = 2147483647;
			files = (
				3FCF1CEF25E7DEE7007C5EE8 /* LaunchScreen.storyboard in Resources */,
				3FCF1CEC25E7DEE7007C5EE8 /* Assets.xcassets in Resources */,
			);
			runOnlyForDeploymentPostprocessing = 0;
		};
		3FCF1CF325E7DEE7007C5EE8 /* Resources */ = {
			isa = PBXResourcesBuildPhase;
			buildActionMask = 2147483647;
			files = (
			);
			runOnlyForDeploymentPostprocessing = 0;
		};
		3FCF1CFE25E7DEE7007C5EE8 /* Resources */ = {
			isa = PBXResourcesBuildPhase;
			buildActionMask = 2147483647;
			files = (
			);
			runOnlyForDeploymentPostprocessing = 0;
		};
/* End PBXResourcesBuildPhase section */

/* Begin PBXShellScriptBuildPhase section */
		1BBC32DF5D57C0AA8F0AE4AB /* [CP] Check Pods Manifest.lock */ = {
			isa = PBXShellScriptBuildPhase;
			buildActionMask = 2147483647;
			files = (
			);
			inputFileListPaths = (
			);
			inputPaths = (
				"${PODS_PODFILE_DIR_PATH}/Podfile.lock",
				"${PODS_ROOT}/Manifest.lock",
			);
			name = "[CP] Check Pods Manifest.lock";
			outputFileListPaths = (
			);
			outputPaths = (
				"$(DERIVED_FILE_DIR)/Pods-Mobiquity-checkManifestLockResult.txt",
			);
			runOnlyForDeploymentPostprocessing = 0;
			shellPath = /bin/sh;
			shellScript = "diff \"${PODS_PODFILE_DIR_PATH}/Podfile.lock\" \"${PODS_ROOT}/Manifest.lock\" > /dev/null\nif [ $? != 0 ] ; then\n    # print error to STDERR\n    echo \"error: The sandbox is not in sync with the Podfile.lock. Run 'pod install' or update your CocoaPods installation.\" >&2\n    exit 1\nfi\n# This output is used by Xcode 'outputs' to avoid re-running this script phase.\necho \"SUCCESS\" > \"${SCRIPT_OUTPUT_FILE_0}\"\n";
			showEnvVarsInLog = 0;
		};
		C1E263B4CB6E6B2C15380599 /* [CP] Embed Pods Frameworks */ = {
			isa = PBXShellScriptBuildPhase;
			buildActionMask = 2147483647;
			files = (
			);
			inputFileListPaths = (
				"${PODS_ROOT}/Target Support Files/Pods-Mobiquity/Pods-Mobiquity-frameworks-${CONFIGURATION}-input-files.xcfilelist",
			);
			name = "[CP] Embed Pods Frameworks";
			outputFileListPaths = (
				"${PODS_ROOT}/Target Support Files/Pods-Mobiquity/Pods-Mobiquity-frameworks-${CONFIGURATION}-output-files.xcfilelist",
			);
			runOnlyForDeploymentPostprocessing = 0;
			shellPath = /bin/sh;
			shellScript = "\"${PODS_ROOT}/Target Support Files/Pods-Mobiquity/Pods-Mobiquity-frameworks.sh\"\n";
			showEnvVarsInLog = 0;
		};
/* End PBXShellScriptBuildPhase section */

/* Begin PBXSourcesBuildPhase section */
		3FCF1CDB25E7DEE0007C5EE8 /* Sources */ = {
			isa = PBXSourcesBuildPhase;
			buildActionMask = 2147483647;
			files = (
				3FCF1D2925E7DFED007C5EE8 /* GalleryViewController.swift in Sources */,
				3FCF1D3725E7E07D007C5EE8 /* GalleryViewModel.swift in Sources */,
				3FCF1D3E25E7E0A2007C5EE8 /* ViewState.swift in Sources */,
				3FCF1D7B25E90599007C5EE8 /* APIManager.swift in Sources */,
				3FCF1D3025E7E03D007C5EE8 /* GalleryCollectionViewCell.swift in Sources */,
				3FCF1D6825E8F192007C5EE8 /* SearchResultsController.swift in Sources */,
				3FCF1CE325E7DEE0007C5EE8 /* AppDelegate.swift in Sources */,
				3FCF1D2225E7DFB4007C5EE8 /* AppNavigationManager.swift in Sources */,
				3FCF1D9025E9A222007C5EE8 /* LoadingReusableView.swift in Sources */,
				3FCF1D4525E7E0F1007C5EE8 /* GalleryViewValues.swift in Sources */,
			);
			runOnlyForDeploymentPostprocessing = 0;
		};
		3FCF1CF125E7DEE7007C5EE8 /* Sources */ = {
			isa = PBXSourcesBuildPhase;
			buildActionMask = 2147483647;
			files = (
				3FCF1D2A25E7DFED007C5EE8 /* GalleryViewController.swift in Sources */,
				3FCF1D3825E7E07D007C5EE8 /* GalleryViewModel.swift in Sources */,
				3FCF1D3F25E7E0A2007C5EE8 /* ViewState.swift in Sources */,
				3FCF1D7C25E90599007C5EE8 /* APIManager.swift in Sources */,
				3FCF1D3125E7E03D007C5EE8 /* GalleryCollectionViewCell.swift in Sources */,
				3FCF1D6925E8F192007C5EE8 /* SearchResultsController.swift in Sources */,
				3FCF1CFA25E7DEE7007C5EE8 /* MobiquityTests.swift in Sources */,
				3FCF1D2325E7DFB4007C5EE8 /* AppNavigationManager.swift in Sources */,
				3FCF1D9125E9A222007C5EE8 /* LoadingReusableView.swift in Sources */,
				3FCF1D4625E7E0F1007C5EE8 /* GalleryViewValues.swift in Sources */,
			);
			runOnlyForDeploymentPostprocessing = 0;
		};
		3FCF1CFC25E7DEE7007C5EE8 /* Sources */ = {
			isa = PBXSourcesBuildPhase;
			buildActionMask = 2147483647;
			files = (
				3FCF1D2B25E7DFED007C5EE8 /* GalleryViewController.swift in Sources */,
				3FCF1D3925E7E07D007C5EE8 /* GalleryViewModel.swift in Sources */,
				3FCF1D4025E7E0A2007C5EE8 /* ViewState.swift in Sources */,
				3FCF1D7D25E90599007C5EE8 /* APIManager.swift in Sources */,
				3FCF1D3225E7E03D007C5EE8 /* GalleryCollectionViewCell.swift in Sources */,
				3FCF1D6A25E8F192007C5EE8 /* SearchResultsController.swift in Sources */,
				3FCF1D0525E7DEE7007C5EE8 /* MobiquityUITests.swift in Sources */,
				3FCF1D2425E7DFB4007C5EE8 /* AppNavigationManager.swift in Sources */,
				3FCF1D9225E9A222007C5EE8 /* LoadingReusableView.swift in Sources */,
				3FCF1D4725E7E0F1007C5EE8 /* GalleryViewValues.swift in Sources */,
			);
			runOnlyForDeploymentPostprocessing = 0;
		};
/* End PBXSourcesBuildPhase section */

/* Begin PBXTargetDependency section */
		3FCF1CF725E7DEE7007C5EE8 /* PBXTargetDependency */ = {
			isa = PBXTargetDependency;
			target = 3FCF1CDE25E7DEE0007C5EE8 /* Mobiquity */;
			targetProxy = 3FCF1CF625E7DEE7007C5EE8 /* PBXContainerItemProxy */;
		};
		3FCF1D0225E7DEE7007C5EE8 /* PBXTargetDependency */ = {
			isa = PBXTargetDependency;
			target = 3FCF1CDE25E7DEE0007C5EE8 /* Mobiquity */;
			targetProxy = 3FCF1D0125E7DEE7007C5EE8 /* PBXContainerItemProxy */;
		};
/* End PBXTargetDependency section */

/* Begin PBXVariantGroup section */
		3FCF1CED25E7DEE7007C5EE8 /* LaunchScreen.storyboard */ = {
			isa = PBXVariantGroup;
			children = (
				3FCF1CEE25E7DEE7007C5EE8 /* Base */,
			);
			name = LaunchScreen.storyboard;
			sourceTree = "<group>";
		};
/* End PBXVariantGroup section */

/* Begin XCBuildConfiguration section */
		3FCF1D0725E7DEE7007C5EE8 /* Debug */ = {
			isa = XCBuildConfiguration;
			buildSettings = {
				ALWAYS_SEARCH_USER_PATHS = NO;
				CLANG_ANALYZER_NONNULL = YES;
				CLANG_ANALYZER_NUMBER_OBJECT_CONVERSION = YES_AGGRESSIVE;
				CLANG_CXX_LANGUAGE_STANDARD = "gnu++14";
				CLANG_CXX_LIBRARY = "libc++";
				CLANG_ENABLE_MODULES = YES;
				CLANG_ENABLE_OBJC_ARC = YES;
				CLANG_ENABLE_OBJC_WEAK = YES;
				CLANG_WARN_BLOCK_CAPTURE_AUTORELEASING = YES;
				CLANG_WARN_BOOL_CONVERSION = YES;
				CLANG_WARN_COMMA = YES;
				CLANG_WARN_CONSTANT_CONVERSION = YES;
				CLANG_WARN_DEPRECATED_OBJC_IMPLEMENTATIONS = YES;
				CLANG_WARN_DIRECT_OBJC_ISA_USAGE = YES_ERROR;
				CLANG_WARN_DOCUMENTATION_COMMENTS = YES;
				CLANG_WARN_EMPTY_BODY = YES;
				CLANG_WARN_ENUM_CONVERSION = YES;
				CLANG_WARN_INFINITE_RECURSION = YES;
				CLANG_WARN_INT_CONVERSION = YES;
				CLANG_WARN_NON_LITERAL_NULL_CONVERSION = YES;
				CLANG_WARN_OBJC_IMPLICIT_RETAIN_SELF = YES;
				CLANG_WARN_OBJC_LITERAL_CONVERSION = YES;
				CLANG_WARN_OBJC_ROOT_CLASS = YES_ERROR;
				CLANG_WARN_QUOTED_INCLUDE_IN_FRAMEWORK_HEADER = YES;
				CLANG_WARN_RANGE_LOOP_ANALYSIS = YES;
				CLANG_WARN_STRICT_PROTOTYPES = YES;
				CLANG_WARN_SUSPICIOUS_MOVE = YES;
				CLANG_WARN_UNGUARDED_AVAILABILITY = YES_AGGRESSIVE;
				CLANG_WARN_UNREACHABLE_CODE = YES;
				CLANG_WARN__DUPLICATE_METHOD_MATCH = YES;
				COPY_PHASE_STRIP = NO;
				DEBUG_INFORMATION_FORMAT = dwarf;
				ENABLE_STRICT_OBJC_MSGSEND = YES;
				ENABLE_TESTABILITY = YES;
				GCC_C_LANGUAGE_STANDARD = gnu11;
				GCC_DYNAMIC_NO_PIC = NO;
				GCC_NO_COMMON_BLOCKS = YES;
				GCC_OPTIMIZATION_LEVEL = 0;
				GCC_PREPROCESSOR_DEFINITIONS = (
					"DEBUG=1",
					"$(inherited)",
				);
				GCC_WARN_64_TO_32_BIT_CONVERSION = YES;
				GCC_WARN_ABOUT_RETURN_TYPE = YES_ERROR;
				GCC_WARN_UNDECLARED_SELECTOR = YES;
				GCC_WARN_UNINITIALIZED_AUTOS = YES_AGGRESSIVE;
				GCC_WARN_UNUSED_FUNCTION = YES;
				GCC_WARN_UNUSED_VARIABLE = YES;
				IPHONEOS_DEPLOYMENT_TARGET = 14.1;
				MTL_ENABLE_DEBUG_INFO = INCLUDE_SOURCE;
				MTL_FAST_MATH = YES;
				ONLY_ACTIVE_ARCH = YES;
				SDKROOT = iphoneos;
				SWIFT_ACTIVE_COMPILATION_CONDITIONS = DEBUG;
				SWIFT_OPTIMIZATION_LEVEL = "-Onone";
			};
			name = Debug;
		};
		3FCF1D0825E7DEE7007C5EE8 /* Release */ = {
			isa = XCBuildConfiguration;
			buildSettings = {
				ALWAYS_SEARCH_USER_PATHS = NO;
				CLANG_ANALYZER_NONNULL = YES;
				CLANG_ANALYZER_NUMBER_OBJECT_CONVERSION = YES_AGGRESSIVE;
				CLANG_CXX_LANGUAGE_STANDARD = "gnu++14";
				CLANG_CXX_LIBRARY = "libc++";
				CLANG_ENABLE_MODULES = YES;
				CLANG_ENABLE_OBJC_ARC = YES;
				CLANG_ENABLE_OBJC_WEAK = YES;
				CLANG_WARN_BLOCK_CAPTURE_AUTORELEASING = YES;
				CLANG_WARN_BOOL_CONVERSION = YES;
				CLANG_WARN_COMMA = YES;
				CLANG_WARN_CONSTANT_CONVERSION = YES;
				CLANG_WARN_DEPRECATED_OBJC_IMPLEMENTATIONS = YES;
				CLANG_WARN_DIRECT_OBJC_ISA_USAGE = YES_ERROR;
				CLANG_WARN_DOCUMENTATION_COMMENTS = YES;
				CLANG_WARN_EMPTY_BODY = YES;
				CLANG_WARN_ENUM_CONVERSION = YES;
				CLANG_WARN_INFINITE_RECURSION = YES;
				CLANG_WARN_INT_CONVERSION = YES;
				CLANG_WARN_NON_LITERAL_NULL_CONVERSION = YES;
				CLANG_WARN_OBJC_IMPLICIT_RETAIN_SELF = YES;
				CLANG_WARN_OBJC_LITERAL_CONVERSION = YES;
				CLANG_WARN_OBJC_ROOT_CLASS = YES_ERROR;
				CLANG_WARN_QUOTED_INCLUDE_IN_FRAMEWORK_HEADER = YES;
				CLANG_WARN_RANGE_LOOP_ANALYSIS = YES;
				CLANG_WARN_STRICT_PROTOTYPES = YES;
				CLANG_WARN_SUSPICIOUS_MOVE = YES;
				CLANG_WARN_UNGUARDED_AVAILABILITY = YES_AGGRESSIVE;
				CLANG_WARN_UNREACHABLE_CODE = YES;
				CLANG_WARN__DUPLICATE_METHOD_MATCH = YES;
				COPY_PHASE_STRIP = NO;
				DEBUG_INFORMATION_FORMAT = "dwarf-with-dsym";
				ENABLE_NS_ASSERTIONS = NO;
				ENABLE_STRICT_OBJC_MSGSEND = YES;
				GCC_C_LANGUAGE_STANDARD = gnu11;
				GCC_NO_COMMON_BLOCKS = YES;
				GCC_WARN_64_TO_32_BIT_CONVERSION = YES;
				GCC_WARN_ABOUT_RETURN_TYPE = YES_ERROR;
				GCC_WARN_UNDECLARED_SELECTOR = YES;
				GCC_WARN_UNINITIALIZED_AUTOS = YES_AGGRESSIVE;
				GCC_WARN_UNUSED_FUNCTION = YES;
				GCC_WARN_UNUSED_VARIABLE = YES;
				IPHONEOS_DEPLOYMENT_TARGET = 14.1;
				MTL_ENABLE_DEBUG_INFO = NO;
				MTL_FAST_MATH = YES;
				SDKROOT = iphoneos;
				SWIFT_COMPILATION_MODE = wholemodule;
				SWIFT_OPTIMIZATION_LEVEL = "-O";
				VALIDATE_PRODUCT = YES;
			};
			name = Release;
		};
		3FCF1D0A25E7DEE7007C5EE8 /* Debug */ = {
			isa = XCBuildConfiguration;
			baseConfigurationReference = 04F6194BD67E9D342EC2FBF4 /* Pods-Mobiquity.debug.xcconfig */;
			buildSettings = {
				ASSETCATALOG_COMPILER_APPICON_NAME = AppIcon;
				ASSETCATALOG_COMPILER_GLOBAL_ACCENT_COLOR_NAME = AccentColor;
				CODE_SIGN_STYLE = Automatic;
				INFOPLIST_FILE = Mobiquity/Info.plist;
				IPHONEOS_DEPLOYMENT_TARGET = 13.0;
				LD_RUNPATH_SEARCH_PATHS = (
					"$(inherited)",
					"@executable_path/Frameworks",
				);
				PRODUCT_BUNDLE_IDENTIFIER = IK.Mobiquity;
				PRODUCT_NAME = "$(TARGET_NAME)";
				SWIFT_VERSION = 5.0;
				TARGETED_DEVICE_FAMILY = "1,2";
			};
			name = Debug;
		};
		3FCF1D0B25E7DEE7007C5EE8 /* Release */ = {
			isa = XCBuildConfiguration;
			baseConfigurationReference = E6605BBFDDE55337C03FC33D /* Pods-Mobiquity.release.xcconfig */;
			buildSettings = {
				ASSETCATALOG_COMPILER_APPICON_NAME = AppIcon;
				ASSETCATALOG_COMPILER_GLOBAL_ACCENT_COLOR_NAME = AccentColor;
				CODE_SIGN_STYLE = Automatic;
				INFOPLIST_FILE = Mobiquity/Info.plist;
				IPHONEOS_DEPLOYMENT_TARGET = 13.0;
				LD_RUNPATH_SEARCH_PATHS = (
					"$(inherited)",
					"@executable_path/Frameworks",
				);
				PRODUCT_BUNDLE_IDENTIFIER = IK.Mobiquity;
				PRODUCT_NAME = "$(TARGET_NAME)";
				SWIFT_VERSION = 5.0;
				TARGETED_DEVICE_FAMILY = "1,2";
			};
			name = Release;
		};
		3FCF1D0D25E7DEE7007C5EE8 /* Debug */ = {
			isa = XCBuildConfiguration;
			buildSettings = {
				ALWAYS_EMBED_SWIFT_STANDARD_LIBRARIES = YES;
				BUNDLE_LOADER = "$(TEST_HOST)";
				CODE_SIGN_STYLE = Automatic;
				INFOPLIST_FILE = MobiquityTests/Info.plist;
				IPHONEOS_DEPLOYMENT_TARGET = 14.1;
				LD_RUNPATH_SEARCH_PATHS = (
					"$(inherited)",
					"@executable_path/Frameworks",
					"@loader_path/Frameworks",
				);
				PRODUCT_BUNDLE_IDENTIFIER = IK.MobiquityTests;
				PRODUCT_NAME = "$(TARGET_NAME)";
				SWIFT_VERSION = 5.0;
				TARGETED_DEVICE_FAMILY = "1,2";
				TEST_HOST = "$(BUILT_PRODUCTS_DIR)/Mobiquity.app/Mobiquity";
			};
			name = Debug;
		};
		3FCF1D0E25E7DEE7007C5EE8 /* Release */ = {
			isa = XCBuildConfiguration;
			buildSettings = {
				ALWAYS_EMBED_SWIFT_STANDARD_LIBRARIES = YES;
				BUNDLE_LOADER = "$(TEST_HOST)";
				CODE_SIGN_STYLE = Automatic;
				INFOPLIST_FILE = MobiquityTests/Info.plist;
				IPHONEOS_DEPLOYMENT_TARGET = 14.1;
				LD_RUNPATH_SEARCH_PATHS = (
					"$(inherited)",
					"@executable_path/Frameworks",
					"@loader_path/Frameworks",
				);
				PRODUCT_BUNDLE_IDENTIFIER = IK.MobiquityTests;
				PRODUCT_NAME = "$(TARGET_NAME)";
				SWIFT_VERSION = 5.0;
				TARGETED_DEVICE_FAMILY = "1,2";
				TEST_HOST = "$(BUILT_PRODUCTS_DIR)/Mobiquity.app/Mobiquity";
			};
			name = Release;
		};
		3FCF1D1025E7DEE7007C5EE8 /* Debug */ = {
			isa = XCBuildConfiguration;
			buildSettings = {
				ALWAYS_EMBED_SWIFT_STANDARD_LIBRARIES = YES;
				CODE_SIGN_STYLE = Automatic;
				INFOPLIST_FILE = MobiquityUITests/Info.plist;
				LD_RUNPATH_SEARCH_PATHS = (
					"$(inherited)",
					"@executable_path/Frameworks",
					"@loader_path/Frameworks",
				);
				PRODUCT_BUNDLE_IDENTIFIER = IK.MobiquityUITests;
				PRODUCT_NAME = "$(TARGET_NAME)";
				SWIFT_VERSION = 5.0;
				TARGETED_DEVICE_FAMILY = "1,2";
				TEST_TARGET_NAME = Mobiquity;
			};
			name = Debug;
		};
		3FCF1D1125E7DEE7007C5EE8 /* Release */ = {
			isa = XCBuildConfiguration;
			buildSettings = {
				ALWAYS_EMBED_SWIFT_STANDARD_LIBRARIES = YES;
				CODE_SIGN_STYLE = Automatic;
				INFOPLIST_FILE = MobiquityUITests/Info.plist;
				LD_RUNPATH_SEARCH_PATHS = (
					"$(inherited)",
					"@executable_path/Frameworks",
					"@loader_path/Frameworks",
				);
				PRODUCT_BUNDLE_IDENTIFIER = IK.MobiquityUITests;
				PRODUCT_NAME = "$(TARGET_NAME)";
				SWIFT_VERSION = 5.0;
				TARGETED_DEVICE_FAMILY = "1,2";
				TEST_TARGET_NAME = Mobiquity;
			};
			name = Release;
		};
/* End XCBuildConfiguration section */

/* Begin XCConfigurationList section */
		3FCF1CDA25E7DEE0007C5EE8 /* Build configuration list for PBXProject "Mobiquity" */ = {
			isa = XCConfigurationList;
			buildConfigurations = (
				3FCF1D0725E7DEE7007C5EE8 /* Debug */,
				3FCF1D0825E7DEE7007C5EE8 /* Release */,
			);
			defaultConfigurationIsVisible = 0;
			defaultConfigurationName = Release;
		};
		3FCF1D0925E7DEE7007C5EE8 /* Build configuration list for PBXNativeTarget "Mobiquity" */ = {
			isa = XCConfigurationList;
			buildConfigurations = (
				3FCF1D0A25E7DEE7007C5EE8 /* Debug */,
				3FCF1D0B25E7DEE7007C5EE8 /* Release */,
			);
			defaultConfigurationIsVisible = 0;
			defaultConfigurationName = Release;
		};
		3FCF1D0C25E7DEE7007C5EE8 /* Build configuration list for PBXNativeTarget "MobiquityTests" */ = {
			isa = XCConfigurationList;
			buildConfigurations = (
				3FCF1D0D25E7DEE7007C5EE8 /* Debug */,
				3FCF1D0E25E7DEE7007C5EE8 /* Release */,
			);
			defaultConfigurationIsVisible = 0;
			defaultConfigurationName = Release;
		};
		3FCF1D0F25E7DEE7007C5EE8 /* Build configuration list for PBXNativeTarget "MobiquityUITests" */ = {
			isa = XCConfigurationList;
			buildConfigurations = (
				3FCF1D1025E7DEE7007C5EE8 /* Debug */,
				3FCF1D1125E7DEE7007C5EE8 /* Release */,
			);
			defaultConfigurationIsVisible = 0;
			defaultConfigurationName = Release;
		};
/* End XCConfigurationList section */
	};
	rootObject = 3FCF1CD725E7DEE0007C5EE8 /* Project object */;
}
